{
  "name": "planet-distances",
  "version": "1.0.0",
  "lockfileVersion": 1,
  "requires": true,
  "dependencies": {
    "@tonejs/ui": {
      "version": "0.0.9",
      "resolved": "https://registry.npmjs.org/@tonejs/ui/-/ui-0.0.9.tgz",
      "integrity": "sha512-Xxox0hlqSl4tNjHVbzy4iAU/HGmHxIASNyfVa5AncFEAywT0XAn4PedfwIwPaorykmKhpv/oXe/GnZJtC74oQw=="
    },
    "moment": {
      "version": "2.24.0",
      "resolved": "https://registry.npmjs.org/moment/-/moment-2.24.0.tgz",
      "integrity": "sha512-bV7f+6l2QigeBBZSM/6yTNq4P2fNpSWj/0e7jQcy87A8e7o2nAfP/34/2ky5Vw4B9S446EtIhodAzkFCcR4dQg=="
    },
    "tone": {
      "version": "13.8.25",
      "resolved": "https://registry.npmjs.org/tone/-/tone-13.8.25.tgz",
      "integrity": "sha512-8QqmLn+/R+Urib/78zf93+NqFLddXS777kQO7+EbJHwqy+nmug+SJFRp2KIytT0LQY2sJBiopNb2ceHA8uQQJg=="
    }
  }
}
